
Microsoft Visual Studio Solution File, Format Version 12.00
# Visual Studio Version 17
VisualStudioVersion = 17.7.34202.233
MinimumVisualStudioVersion = 10.0.40219.1
Project("{9A19103F-16F7-4668-BE54-9A1E7A4F7556}") = "SistemaERP", "SistemaERP.csproj", "{03796633-31E9-4CF0-BC18-EF7551AEA754}"
EndProject
Project("{9A19103F-16F7-4668-BE54-9A1E7A4F7556}") = "ModuloCadastro", "..\ModuloCadastro\ModuloCadastro.csproj", "{A3E7A89C-54C6-4C0D-B71E-C785459D4395}"
EndProject
Project("{FAE04EC0-301F-11D3-BF4B-00C04F79EFBC}") = "ModuloConfiguracoes", "..\Configuracoes\ModuloConfiguracoes.csproj", "{F9236529-F8BC-409F-AA81-4A8B24F71A58}"
EndProject
Global
	GlobalSection(SolutionConfigurationPlatforms) = preSolution
		Debug|Any CPU = Debug|Any CPU
		Release|Any CPU = Release|Any CPU
	EndGlobalSection
	GlobalSection(ProjectConfigurationPlatforms) = postSolution
		{03796633-31E9-4CF0-BC18-EF7551AEA754}.Debug|Any CPU.ActiveCfg = Debug|Any CPU
		{03796633-31E9-4CF0-BC18-EF7551AEA754}.Debug|Any CPU.Build.0 = Debug|Any CPU
		{03796633-31E9-4CF0-BC18-EF7551AEA754}.Release|Any CPU.ActiveCfg = Release|Any CPU
		{03796633-31E9-4CF0-BC18-EF7551AEA754}.Release|Any CPU.Build.0 = Release|Any CPU
		{A3E7A89C-54C6-4C0D-B71E-C785459D4395}.Debug|Any CPU.ActiveCfg = Debug|Any CPU
		{A3E7A89C-54C6-4C0D-B71E-C785459D4395}.Debug|Any CPU.Build.0 = Debug|Any CPU
		{A3E7A89C-54C6-4C0D-B71E-C785459D4395}.Release|Any CPU.ActiveCfg = Release|Any CPU
		{A3E7A89C-54C6-4C0D-B71E-C785459D4395}.Release|Any CPU.Build.0 = Release|Any CPU
		{F9236529-F8BC-409F-AA81-4A8B24F71A58}.Debug|Any CPU.ActiveCfg = Debug|Any CPU
		{F9236529-F8BC-409F-AA81-4A8B24F71A58}.Debug|Any CPU.Build.0 = Debug|Any CPU
		{F9236529-F8BC-409F-AA81-4A8B24F71A58}.Release|Any CPU.ActiveCfg = Release|Any CPU
		{F9236529-F8BC-409F-AA81-4A8B24F71A58}.Release|Any CPU.Build.0 = Release|Any CPU
	EndGlobalSection
	GlobalSection(SolutionProperties) = preSolution
		HideSolutionNode = FALSE
	EndGlobalSection
	GlobalSection(ExtensibilityGlobals) = postSolution
		SolutionGuid = {BAEABE78-CA23-4D1F-AD50-E4249A87445D}
	EndGlobalSection
EndGlobal
